
Microsoft Visual Studio Solution File, Format Version 12.00
# Visual Studio Version 16
VisualStudioVersion = 16.0.29009.5
MinimumVisualStudioVersion = 10.0.40219.1
Project("{FAE04EC0-301F-11D3-BF4B-00C04F79EFBC}") = "MoviesTake2", "MoviesTake2\MoviesTake2.csproj", "{DD9C2241-7E93-40B9-84D6-CF701F459E9F}"
EndProject
Global
	GlobalSection(SolutionConfigurationPlatforms) = preSolution
		Debug|Any CPU = Debug|Any CPU
		Release|Any CPU = Release|Any CPU
	EndGlobalSection
	GlobalSection(ProjectConfigurationPlatforms) = postSolution
		{DD9C2241-7E93-40B9-84D6-CF701F459E9F}.Debug|Any CPU.ActiveCfg = Debug|Any CPU
		{DD9C2241-7E93-40B9-84D6-CF701F459E9F}.Debug|Any CPU.Build.0 = Debug|Any CPU
		{DD9C2241-7E93-40B9-84D6-CF701F459E9F}.Release|Any CPU.ActiveCfg = Release|Any CPU
		{DD9C2241-7E93-40B9-84D6-CF701F459E9F}.Release|Any CPU.Build.0 = Release|Any CPU
	EndGlobalSection
	GlobalSection(SolutionProperties) = preSolution
		HideSolutionNode = FALSE
	EndGlobalSection
	GlobalSection(ExtensibilityGlobals) = postSolution
		SolutionGuid = {2A997B95-9B98-4325-937B-D734B66F045F}
	EndGlobalSection
EndGlobal
